
Microsoft Visual Studio Solution File, Format Version 12.00
# Visual Studio Version 16
VisualStudioVersion = 16.0.31729.503
MinimumVisualStudioVersion = 10.0.40219.1
Project("{FAE04EC0-301F-11D3-BF4B-00C04F79EFBC}") = "Avaliacao Sprint 2  .NET", "Avaliacao Sprint 2  .NET\Avaliacao Sprint 2  .NET.csproj", "{BC608B60-FC56-406E-A3F7-84494FFBC378}"
EndProject
Global
	GlobalSection(SolutionConfigurationPlatforms) = preSolution
		Debug|Any CPU = Debug|Any CPU
		Release|Any CPU = Release|Any CPU
	EndGlobalSection
	GlobalSection(ProjectConfigurationPlatforms) = postSolution
		{BC608B60-FC56-406E-A3F7-84494FFBC378}.Debug|Any CPU.ActiveCfg = Debug|Any CPU
		{BC608B60-FC56-406E-A3F7-84494FFBC378}.Debug|Any CPU.Build.0 = Debug|Any CPU
		{BC608B60-FC56-406E-A3F7-84494FFBC378}.Release|Any CPU.ActiveCfg = Release|Any CPU
		{BC608B60-FC56-406E-A3F7-84494FFBC378}.Release|Any CPU.Build.0 = Release|Any CPU
	EndGlobalSection
	GlobalSection(SolutionProperties) = preSolution
		HideSolutionNode = FALSE
	EndGlobalSection
	GlobalSection(ExtensibilityGlobals) = postSolution
		SolutionGuid = {65AADE03-062C-4B8F-973D-5A9777274B05}
	EndGlobalSection
EndGlobal
