
Microsoft Visual Studio Solution File, Format Version 12.00
# Visual Studio Version 16
VisualStudioVersion = 16.0.31729.503
MinimumVisualStudioVersion = 10.0.40219.1
Project("{FAE04EC0-301F-11D3-BF4B-00C04F79EFBC}") = "1009 - SalarioComBonus", "1009 - SalarioComBonus\1009 - SalarioComBonus.csproj", "{AC133CAA-08C5-48BB-99E5-B681CAB2207A}"
EndProject
Project("{FAE04EC0-301F-11D3-BF4B-00C04F79EFBC}") = "1010 - CalculoSimples", "1010 - CalculoSimples\1010 - CalculoSimples.csproj", "{6CFE9DA1-E52C-4A53-AE44-348F45A792AF}"
EndProject
Project("{FAE04EC0-301F-11D3-BF4B-00C04F79EFBC}") = "1013 - OMaior", "1013 - OMaior\1013 - OMaior.csproj", "{A9CA4878-E4F9-4152-BF5D-F3D5BD83FE85}"
EndProject
Global
	GlobalSection(SolutionConfigurationPlatforms) = preSolution
		Debug|Any CPU = Debug|Any CPU
		Release|Any CPU = Release|Any CPU
	EndGlobalSection
	GlobalSection(ProjectConfigurationPlatforms) = postSolution
		{AC133CAA-08C5-48BB-99E5-B681CAB2207A}.Debug|Any CPU.ActiveCfg = Debug|Any CPU
		{AC133CAA-08C5-48BB-99E5-B681CAB2207A}.Debug|Any CPU.Build.0 = Debug|Any CPU
		{AC133CAA-08C5-48BB-99E5-B681CAB2207A}.Release|Any CPU.ActiveCfg = Release|Any CPU
		{AC133CAA-08C5-48BB-99E5-B681CAB2207A}.Release|Any CPU.Build.0 = Release|Any CPU
		{6CFE9DA1-E52C-4A53-AE44-348F45A792AF}.Debug|Any CPU.ActiveCfg = Debug|Any CPU
		{6CFE9DA1-E52C-4A53-AE44-348F45A792AF}.Debug|Any CPU.Build.0 = Debug|Any CPU
		{6CFE9DA1-E52C-4A53-AE44-348F45A792AF}.Release|Any CPU.ActiveCfg = Release|Any CPU
		{6CFE9DA1-E52C-4A53-AE44-348F45A792AF}.Release|Any CPU.Build.0 = Release|Any CPU
		{A9CA4878-E4F9-4152-BF5D-F3D5BD83FE85}.Debug|Any CPU.ActiveCfg = Debug|Any CPU
		{A9CA4878-E4F9-4152-BF5D-F3D5BD83FE85}.Debug|Any CPU.Build.0 = Debug|Any CPU
		{A9CA4878-E4F9-4152-BF5D-F3D5BD83FE85}.Release|Any CPU.ActiveCfg = Release|Any CPU
		{A9CA4878-E4F9-4152-BF5D-F3D5BD83FE85}.Release|Any CPU.Build.0 = Release|Any CPU
	EndGlobalSection
	GlobalSection(SolutionProperties) = preSolution
		HideSolutionNode = FALSE
	EndGlobalSection
	GlobalSection(ExtensibilityGlobals) = postSolution
		SolutionGuid = {65AADE03-062C-4B8F-973D-5A9777274B05}
	EndGlobalSection
EndGlobal
